{
  "name": "sanaaafrica.com",
  "version": "0.0.1",
  "dependencies": {
    "accepts": {
      "version": "1.3.3",
      "from": "accepts@>=1.3.1 <1.4.0",
      "resolved": "https://registry.npmjs.org/accepts/-/accepts-1.3.3.tgz"
    },
    "async-cache": {
      "version": "1.0.0",
      "from": "async-cache@>=1.0.0 <1.1.0",
      "resolved": "https://registry.npmjs.org/async-cache/-/async-cache-1.0.0.tgz"
    },
    "bl": {
      "version": "1.0.3",
      "from": "bl@>=1.0.0 <1.1.0",
      "resolved": "https://registry.npmjs.org/bl/-/bl-1.0.3.tgz"
    },
    "bytes": {
      "version": "2.2.0",
      "from": "bytes@2.2.0",
      "resolved": "https://registry.npmjs.org/bytes/-/bytes-2.2.0.tgz"
    },
    "compressible": {
      "version": "2.0.7",
      "from": "compressible@>=2.0.7 <2.1.0",
      "resolved": "https://registry.npmjs.org/compressible/-/compressible-2.0.7.tgz"
    },
    "compression": {
      "version": "1.6.1",
      "from": "compression@latest",
      "resolved": "https://registry.npmjs.org/compression/-/compression-1.6.1.tgz"
    },
    "connect": {
      "version": "3.4.1",
      "from": "connect@latest",
      "resolved": "https://registry.npmjs.org/connect/-/connect-3.4.1.tgz"
    },
    "core-util-is": {
      "version": "1.0.2",
      "from": "core-util-is@>=1.0.0 <1.1.0",
      "resolved": "https://registry.npmjs.org/core-util-is/-/core-util-is-1.0.2.tgz"
    },
    "debug": {
      "version": "2.2.0",
      "from": "debug@>=2.2.0 <2.3.0",
      "resolved": "https://registry.npmjs.org/debug/-/debug-2.2.0.tgz"
    },
    "depd": {
      "version": "1.1.0",
      "from": "depd@>=1.1.0 <1.2.0",
      "resolved": "https://registry.npmjs.org/depd/-/depd-1.1.0.tgz"
    },
    "destroy": {
      "version": "1.0.4",
      "from": "destroy@>=1.0.4 <1.1.0",
      "resolved": "https://registry.npmjs.org/destroy/-/destroy-1.0.4.tgz"
    },
    "ee-first": {
      "version": "1.1.1",
      "from": "ee-first@1.1.1",
      "resolved": "https://registry.npmjs.org/ee-first/-/ee-first-1.1.1.tgz"
    },
    "escape-html": {
      "version": "1.0.3",
      "from": "escape-html@>=1.0.3 <1.1.0",
      "resolved": "https://registry.npmjs.org/escape-html/-/escape-html-1.0.3.tgz"
    },
    "etag": {
      "version": "1.7.0",
      "from": "etag@>=1.7.0 <1.8.0",
      "resolved": "https://registry.npmjs.org/etag/-/etag-1.7.0.tgz"
    },
    "fd": {
      "version": "0.0.2",
      "from": "fd@>=0.0.2 <0.1.0",
      "resolved": "https://registry.npmjs.org/fd/-/fd-0.0.2.tgz"
    },
    "finalhandler": {
      "version": "0.4.1",
      "from": "finalhandler@0.4.1",
      "resolved": "https://registry.npmjs.org/finalhandler/-/finalhandler-0.4.1.tgz"
    },
    "fresh": {
      "version": "0.3.0",
      "from": "fresh@0.3.0",
      "resolved": "https://registry.npmjs.org/fresh/-/fresh-0.3.0.tgz"
    },
    "graceful-fs": {
      "version": "4.1.4",
      "from": "graceful-fs@>=4.1.2 <4.2.0",
      "resolved": "https://registry.npmjs.org/graceful-fs/-/graceful-fs-4.1.4.tgz"
    },
    "http-errors": {
      "version": "1.3.1",
      "from": "http-errors@>=1.3.1 <1.4.0",
      "resolved": "https://registry.npmjs.org/http-errors/-/http-errors-1.3.1.tgz"
    },
    "inherits": {
      "version": "2.0.1",
      "from": "inherits@>=2.0.1 <2.1.0",
      "resolved": "https://registry.npmjs.org/inherits/-/inherits-2.0.1.tgz"
    },
    "isarray": {
      "version": "1.0.0",
      "from": "isarray@>=1.0.0 <1.1.0",
      "resolved": "https://registry.npmjs.org/isarray/-/isarray-1.0.0.tgz"
    },
    "lru-cache": {
      "version": "2.3.1",
      "from": "lru-cache@>=2.3.0 <2.4.0",
      "resolved": "https://registry.npmjs.org/lru-cache/-/lru-cache-2.3.1.tgz"
    },
    "mime": {
      "version": "1.3.4",
      "from": "mime@1.3.4",
      "resolved": "https://registry.npmjs.org/mime/-/mime-1.3.4.tgz"
    },
    "mime-db": {
      "version": "1.23.0",
      "from": "mime-db@>=1.23.0 <1.24.0",
      "resolved": "https://registry.npmjs.org/mime-db/-/mime-db-1.23.0.tgz"
    },
    "mime-types": {
      "version": "2.1.11",
      "from": "mime-types@>=2.1.11 <2.2.0",
      "resolved": "https://registry.npmjs.org/mime-types/-/mime-types-2.1.11.tgz"
    },
    "ms": {
      "version": "0.7.1",
      "from": "ms@0.7.1",
      "resolved": "https://registry.npmjs.org/ms/-/ms-0.7.1.tgz"
    },
    "negotiator": {
      "version": "0.6.1",
      "from": "negotiator@>=0.6.0 <0.7.0",
      "resolved": "https://registry.npmjs.org/negotiator/-/negotiator-0.6.1.tgz"
    },
    "on-finished": {
      "version": "2.3.0",
      "from": "on-finished@>=2.3.0 <2.4.0",
      "resolved": "https://registry.npmjs.org/on-finished/-/on-finished-2.3.0.tgz"
    },
    "on-headers": {
      "version": "1.0.1",
      "from": "on-headers@>=1.0.1 <1.1.0",
      "resolved": "https://registry.npmjs.org/on-headers/-/on-headers-1.0.1.tgz"
    },
    "parseurl": {
      "version": "1.3.1",
      "from": "parseurl@>=1.3.1 <1.4.0",
      "resolved": "https://registry.npmjs.org/parseurl/-/parseurl-1.3.1.tgz"
    },
    "process-nextick-args": {
      "version": "1.0.7",
      "from": "process-nextick-args@>=1.0.6 <1.1.0",
      "resolved": "https://registry.npmjs.org/process-nextick-args/-/process-nextick-args-1.0.7.tgz"
    },
    "range-parser": {
      "version": "1.0.3",
      "from": "range-parser@>=1.0.3 <1.1.0",
      "resolved": "https://registry.npmjs.org/range-parser/-/range-parser-1.0.3.tgz"
    },
    "readable-stream": {
      "version": "2.0.6",
      "from": "readable-stream@>=2.0.5 <2.1.0",
      "resolved": "https://registry.npmjs.org/readable-stream/-/readable-stream-2.0.6.tgz"
    },
    "send": {
      "version": "0.13.1",
      "from": "send@0.13.1",
      "resolved": "https://registry.npmjs.org/send/-/send-0.13.1.tgz"
    },
    "serve-static": {
      "version": "1.10.2",
      "from": "serve-static@latest",
      "resolved": "https://registry.npmjs.org/serve-static/-/serve-static-1.10.2.tgz"
    },
    "st": {
      "version": "1.1.0",
      "from": "st@latest",
      "resolved": "https://registry.npmjs.org/st/-/st-1.1.0.tgz"
    },
    "statuses": {
      "version": "1.2.1",
      "from": "statuses@>=1.0.0 <2.0.0",
      "resolved": "https://registry.npmjs.org/statuses/-/statuses-1.2.1.tgz"
    },
    "string_decoder": {
      "version": "0.10.31",
      "from": "string_decoder@>=0.10.0 <0.11.0",
      "resolved": "https://registry.npmjs.org/string_decoder/-/string_decoder-0.10.31.tgz"
    },
    "unpipe": {
      "version": "1.0.0",
      "from": "unpipe@>=1.0.0 <1.1.0",
      "resolved": "https://registry.npmjs.org/unpipe/-/unpipe-1.0.0.tgz"
    },
    "util-deprecate": {
      "version": "1.0.2",
      "from": "util-deprecate@>=1.0.1 <1.1.0",
      "resolved": "https://registry.npmjs.org/util-deprecate/-/util-deprecate-1.0.2.tgz"
    },
    "utils-merge": {
      "version": "1.0.0",
      "from": "utils-merge@1.0.0",
      "resolved": "https://registry.npmjs.org/utils-merge/-/utils-merge-1.0.0.tgz"
    },
    "vary": {
      "version": "1.1.0",
      "from": "vary@>=1.1.0 <1.2.0",
      "resolved": "https://registry.npmjs.org/vary/-/vary-1.1.0.tgz"
    }
  }
}
